
Microsoft Visual Studio Solution File, Format Version 12.00
# Visual Studio Version 16
VisualStudioVersion = 16.0.29411.108
MinimumVisualStudioVersion = 10.0.40219.1
Project("{8BC9CEB8-8B4A-11D0-8D11-00A0C91BC942}") = "VMX_For_BOTs", "VMX_For_BOTs\VMX_For_BOTs.vcxproj", "{A98B9582-ECE0-4D75-9440-9DFF2DF71F07}"
EndProject
Global
	GlobalSection(SolutionConfigurationPlatforms) = preSolution
		Debug|x64 = Debug|x64
		Debug|x86 = Debug|x86
		Release|x64 = Release|x64
		Release|x86 = Release|x86
	EndGlobalSection
	GlobalSection(ProjectConfigurationPlatforms) = postSolution
		{A98B9582-ECE0-4D75-9440-9DFF2DF71F07}.Debug|x64.ActiveCfg = Debug|x64
		{A98B9582-ECE0-4D75-9440-9DFF2DF71F07}.Debug|x64.Build.0 = Debug|x64
		{A98B9582-ECE0-4D75-9440-9DFF2DF71F07}.Debug|x86.ActiveCfg = Debug|Win32
		{A98B9582-ECE0-4D75-9440-9DFF2DF71F07}.Debug|x86.Build.0 = Debug|Win32
		{A98B9582-ECE0-4D75-9440-9DFF2DF71F07}.Release|x64.ActiveCfg = Release|x64
		{A98B9582-ECE0-4D75-9440-9DFF2DF71F07}.Release|x64.Build.0 = Release|x64
		{A98B9582-ECE0-4D75-9440-9DFF2DF71F07}.Release|x86.ActiveCfg = Release|Win32
		{A98B9582-ECE0-4D75-9440-9DFF2DF71F07}.Release|x86.Build.0 = Release|Win32
	EndGlobalSection
	GlobalSection(SolutionProperties) = preSolution
		HideSolutionNode = FALSE
	EndGlobalSection
	GlobalSection(ExtensibilityGlobals) = postSolution
		SolutionGuid = {E1BA829C-F038-434F-A2AB-25E394A7501B}
	EndGlobalSection
EndGlobal
